
Microsoft Visual Studio Solution File, Format Version 12.00
# Visual Studio 15
Project("{FAE04EC0-301F-11D3-BF4B-00C04F79EFBC}") = "Assembly-CSharp-firstpass", "Assembly-CSharp-firstpass.csproj", "{ED569A76-5E26-8323-EC33-026739D91A2A}"
EndProject
Project("{FAE04EC0-301F-11D3-BF4B-00C04F79EFBC}") = "Assembly-CSharp", "Assembly-CSharp.csproj", "{DDCC20F0-2686-167D-D38C-5B75E064D91F}"
EndProject
Project("{FAE04EC0-301F-11D3-BF4B-00C04F79EFBC}") = "LunarConsole", "LunarConsole.csproj", "{F1C73BC8-5A11-87CE-4015-AD445B1B9B83}"
EndProject
Project("{FAE04EC0-301F-11D3-BF4B-00C04F79EFBC}") = "MoreMountains.NiceVibrations.Demos", "MoreMountains.NiceVibrations.Demos.csproj", "{0FB3A224-E8A2-C473-4BA0-467D9DBA9679}"
EndProject
Project("{FAE04EC0-301F-11D3-BF4B-00C04F79EFBC}") = "MoreMountains.NiceVibrations", "MoreMountains.NiceVibrations.csproj", "{763A759F-45A1-18C5-4534-9B1460328B70}"
EndProject
Project("{FAE04EC0-301F-11D3-BF4B-00C04F79EFBC}") = "MoreMountains.NiceVibrations.Haptics", "MoreMountains.NiceVibrations.Haptics.csproj", "{50140261-8687-9C14-0FCB-32FCDCBF166A}"
EndProject
Project("{FAE04EC0-301F-11D3-BF4B-00C04F79EFBC}") = "MoreMountains.NiceVibrations.Rumble", "MoreMountains.NiceVibrations.Rumble.csproj", "{3384C6D3-2D95-AB54-3A68-6A3D5C5FD74B}"
EndProject
Project("{FAE04EC0-301F-11D3-BF4B-00C04F79EFBC}") = "MoreMountains.NiceVibrations.Rumble.Editor", "MoreMountains.NiceVibrations.Rumble.Editor.csproj", "{45A9A316-36EA-C154-60C1-B2BF230FF141}"
EndProject
Project("{FAE04EC0-301F-11D3-BF4B-00C04F79EFBC}") = "LunarConsoleEditor", "LunarConsoleEditor.csproj", "{8DF5D5C9-6D6C-76C3-7E10-B3F163E276EE}"
EndProject
Project("{FAE04EC0-301F-11D3-BF4B-00C04F79EFBC}") = "MoreMountains.NiceVibrations.Editor", "MoreMountains.NiceVibrations.Editor.csproj", "{07DEB18D-3322-F491-C1DE-F05222AD5AE9}"
EndProject
Project("{FAE04EC0-301F-11D3-BF4B-00C04F79EFBC}") = "Assembly-CSharp-Editor-firstpass", "Assembly-CSharp-Editor-firstpass.csproj", "{656DD7A0-1C6D-29BD-9324-3EB0133B03C4}"
EndProject
Project("{FAE04EC0-301F-11D3-BF4B-00C04F79EFBC}") = "Assembly-CSharp-Editor", "Assembly-CSharp-Editor.csproj", "{B4B73A7E-9728-8B61-CD6E-A75571D7D8CC}"
EndProject
Global
	GlobalSection(SolutionConfigurationPlatforms) = preSolution
		Debug|Any CPU = Debug|Any CPU
		Release|Any CPU = Release|Any CPU
	EndGlobalSection
	GlobalSection(ProjectConfigurationPlatforms) = postSolution
		{ED569A76-5E26-8323-EC33-026739D91A2A}.Debug|Any CPU.ActiveCfg = Debug|Any CPU
		{ED569A76-5E26-8323-EC33-026739D91A2A}.Debug|Any CPU.Build.0 = Debug|Any CPU
		{ED569A76-5E26-8323-EC33-026739D91A2A}.Release|Any CPU.ActiveCfg = Release|Any CPU
		{ED569A76-5E26-8323-EC33-026739D91A2A}.Release|Any CPU.Build.0 = Release|Any CPU
		{DDCC20F0-2686-167D-D38C-5B75E064D91F}.Debug|Any CPU.ActiveCfg = Debug|Any CPU
		{DDCC20F0-2686-167D-D38C-5B75E064D91F}.Debug|Any CPU.Build.0 = Debug|Any CPU
		{DDCC20F0-2686-167D-D38C-5B75E064D91F}.Release|Any CPU.ActiveCfg = Release|Any CPU
		{DDCC20F0-2686-167D-D38C-5B75E064D91F}.Release|Any CPU.Build.0 = Release|Any CPU
		{F1C73BC8-5A11-87CE-4015-AD445B1B9B83}.Debug|Any CPU.ActiveCfg = Debug|Any CPU
		{F1C73BC8-5A11-87CE-4015-AD445B1B9B83}.Debug|Any CPU.Build.0 = Debug|Any CPU
		{F1C73BC8-5A11-87CE-4015-AD445B1B9B83}.Release|Any CPU.ActiveCfg = Release|Any CPU
		{F1C73BC8-5A11-87CE-4015-AD445B1B9B83}.Release|Any CPU.Build.0 = Release|Any CPU
		{0FB3A224-E8A2-C473-4BA0-467D9DBA9679}.Debug|Any CPU.ActiveCfg = Debug|Any CPU
		{0FB3A224-E8A2-C473-4BA0-467D9DBA9679}.Debug|Any CPU.Build.0 = Debug|Any CPU
		{0FB3A224-E8A2-C473-4BA0-467D9DBA9679}.Release|Any CPU.ActiveCfg = Release|Any CPU
		{0FB3A224-E8A2-C473-4BA0-467D9DBA9679}.Release|Any CPU.Build.0 = Release|Any CPU
		{763A759F-45A1-18C5-4534-9B1460328B70}.Debug|Any CPU.ActiveCfg = Debug|Any CPU
		{763A759F-45A1-18C5-4534-9B1460328B70}.Debug|Any CPU.Build.0 = Debug|Any CPU
		{763A759F-45A1-18C5-4534-9B1460328B70}.Release|Any CPU.ActiveCfg = Release|Any CPU
		{763A759F-45A1-18C5-4534-9B1460328B70}.Release|Any CPU.Build.0 = Release|Any CPU
		{50140261-8687-9C14-0FCB-32FCDCBF166A}.Debug|Any CPU.ActiveCfg = Debug|Any CPU
		{50140261-8687-9C14-0FCB-32FCDCBF166A}.Debug|Any CPU.Build.0 = Debug|Any CPU
		{50140261-8687-9C14-0FCB-32FCDCBF166A}.Release|Any CPU.ActiveCfg = Release|Any CPU
		{50140261-8687-9C14-0FCB-32FCDCBF166A}.Release|Any CPU.Build.0 = Release|Any CPU
		{3384C6D3-2D95-AB54-3A68-6A3D5C5FD74B}.Debug|Any CPU.ActiveCfg = Debug|Any CPU
		{3384C6D3-2D95-AB54-3A68-6A3D5C5FD74B}.Debug|Any CPU.Build.0 = Debug|Any CPU
		{3384C6D3-2D95-AB54-3A68-6A3D5C5FD74B}.Release|Any CPU.ActiveCfg = Release|Any CPU
		{3384C6D3-2D95-AB54-3A68-6A3D5C5FD74B}.Release|Any CPU.Build.0 = Release|Any CPU
		{45A9A316-36EA-C154-60C1-B2BF230FF141}.Debug|Any CPU.ActiveCfg = Debug|Any CPU
		{45A9A316-36EA-C154-60C1-B2BF230FF141}.Debug|Any CPU.Build.0 = Debug|Any CPU
		{45A9A316-36EA-C154-60C1-B2BF230FF141}.Release|Any CPU.ActiveCfg = Release|Any CPU
		{45A9A316-36EA-C154-60C1-B2BF230FF141}.Release|Any CPU.Build.0 = Release|Any CPU
		{8DF5D5C9-6D6C-76C3-7E10-B3F163E276EE}.Debug|Any CPU.ActiveCfg = Debug|Any CPU
		{8DF5D5C9-6D6C-76C3-7E10-B3F163E276EE}.Debug|Any CPU.Build.0 = Debug|Any CPU
		{8DF5D5C9-6D6C-76C3-7E10-B3F163E276EE}.Release|Any CPU.ActiveCfg = Release|Any CPU
		{8DF5D5C9-6D6C-76C3-7E10-B3F163E276EE}.Release|Any CPU.Build.0 = Release|Any CPU
		{07DEB18D-3322-F491-C1DE-F05222AD5AE9}.Debug|Any CPU.ActiveCfg = Debug|Any CPU
		{07DEB18D-3322-F491-C1DE-F05222AD5AE9}.Debug|Any CPU.Build.0 = Debug|Any CPU
		{07DEB18D-3322-F491-C1DE-F05222AD5AE9}.Release|Any CPU.ActiveCfg = Release|Any CPU
		{07DEB18D-3322-F491-C1DE-F05222AD5AE9}.Release|Any CPU.Build.0 = Release|Any CPU
		{656DD7A0-1C6D-29BD-9324-3EB0133B03C4}.Debug|Any CPU.ActiveCfg = Debug|Any CPU
		{656DD7A0-1C6D-29BD-9324-3EB0133B03C4}.Debug|Any CPU.Build.0 = Debug|Any CPU
		{656DD7A0-1C6D-29BD-9324-3EB0133B03C4}.Release|Any CPU.ActiveCfg = Release|Any CPU
		{656DD7A0-1C6D-29BD-9324-3EB0133B03C4}.Release|Any CPU.Build.0 = Release|Any CPU
		{B4B73A7E-9728-8B61-CD6E-A75571D7D8CC}.Debug|Any CPU.ActiveCfg = Debug|Any CPU
		{B4B73A7E-9728-8B61-CD6E-A75571D7D8CC}.Debug|Any CPU.Build.0 = Debug|Any CPU
		{B4B73A7E-9728-8B61-CD6E-A75571D7D8CC}.Release|Any CPU.ActiveCfg = Release|Any CPU
		{B4B73A7E-9728-8B61-CD6E-A75571D7D8CC}.Release|Any CPU.Build.0 = Release|Any CPU
	EndGlobalSection
	GlobalSection(SolutionProperties) = preSolution
		HideSolutionNode = FALSE
	EndGlobalSection
EndGlobal
